
Microsoft Visual Studio Solution File, Format Version 12.00
# Visual Studio Version 16
VisualStudioVersion = 16.0.31025.194
MinimumVisualStudioVersion = 10.0.40219.1
Project("{FAE04EC0-301F-11D3-BF4B-00C04F79EFBC}") = "TaskAllocationGenerator", "TaskAllocationGenerator\TaskAllocationGenerator.csproj", "{2D75742A-8B8A-4123-BF78-190E18D868F8}"
	ProjectSection(ProjectDependencies) = postProject
		{9FF0574F-0BE9-4BEE-91E6-F9EEB894A151} = {9FF0574F-0BE9-4BEE-91E6-F9EEB894A151}
	EndProjectSection
EndProject
Project("{FAE04EC0-301F-11D3-BF4B-00C04F79EFBC}") = "GreedyAlgorithmService", "GreedyAlgorithmService\GreedyAlgorithmService.csproj", "{9FF0574F-0BE9-4BEE-91E6-F9EEB894A151}"
EndProject
Project("{FAE04EC0-301F-11D3-BF4B-00C04F79EFBC}") = "TaskAllocationUtils", "TaskAllocationUtils\TaskAllocationUtils.csproj", "{0ED8DED2-BCE2-479B-AD1C-AEF35CE6529D}"
EndProject
Global
	GlobalSection(SolutionConfigurationPlatforms) = preSolution
		Debug|Any CPU = Debug|Any CPU
		Release|Any CPU = Release|Any CPU
	EndGlobalSection
	GlobalSection(ProjectConfigurationPlatforms) = postSolution
		{2D75742A-8B8A-4123-BF78-190E18D868F8}.Debug|Any CPU.ActiveCfg = Debug|Any CPU
		{2D75742A-8B8A-4123-BF78-190E18D868F8}.Debug|Any CPU.Build.0 = Debug|Any CPU
		{2D75742A-8B8A-4123-BF78-190E18D868F8}.Release|Any CPU.ActiveCfg = Release|Any CPU
		{2D75742A-8B8A-4123-BF78-190E18D868F8}.Release|Any CPU.Build.0 = Release|Any CPU
		{9FF0574F-0BE9-4BEE-91E6-F9EEB894A151}.Debug|Any CPU.ActiveCfg = Debug|Any CPU
		{9FF0574F-0BE9-4BEE-91E6-F9EEB894A151}.Debug|Any CPU.Build.0 = Debug|Any CPU
		{9FF0574F-0BE9-4BEE-91E6-F9EEB894A151}.Release|Any CPU.ActiveCfg = Release|Any CPU
		{9FF0574F-0BE9-4BEE-91E6-F9EEB894A151}.Release|Any CPU.Build.0 = Release|Any CPU
		{0ED8DED2-BCE2-479B-AD1C-AEF35CE6529D}.Debug|Any CPU.ActiveCfg = Debug|Any CPU
		{0ED8DED2-BCE2-479B-AD1C-AEF35CE6529D}.Debug|Any CPU.Build.0 = Debug|Any CPU
		{0ED8DED2-BCE2-479B-AD1C-AEF35CE6529D}.Release|Any CPU.ActiveCfg = Release|Any CPU
		{0ED8DED2-BCE2-479B-AD1C-AEF35CE6529D}.Release|Any CPU.Build.0 = Release|Any CPU
	EndGlobalSection
	GlobalSection(SolutionProperties) = preSolution
		HideSolutionNode = FALSE
	EndGlobalSection
	GlobalSection(ExtensibilityGlobals) = postSolution
		SolutionGuid = {9742F3F4-89D6-4111-8322-590BAA32E08A}
	EndGlobalSection
EndGlobal
